
Microsoft Visual Studio Solution File, Format Version 12.00
# Visual Studio Version 17
VisualStudioVersion = 17.0.31903.59
MinimumVisualStudioVersion = 10.0.40219.1
Project("{2150E333-8FDC-42A3-9474-1A3956D46DE8}") = "src", "src", "{827E0CD3-B72D-47B6-A68D-7590B98EB39B}"
EndProject
Project("{FAE04EC0-301F-11D3-BF4B-00C04F79EFBC}") = "Application", "src\Application\Application.csproj", "{26B1995C-DB21-4734-B706-7889F0114A21}"
EndProject
Project("{FAE04EC0-301F-11D3-BF4B-00C04F79EFBC}") = "Core", "src\Core\Core.csproj", "{3379D95F-72C5-4A58-8A45-103F0A471ABD}"
EndProject
Project("{FAE04EC0-301F-11D3-BF4B-00C04F79EFBC}") = "Infrastructure", "src\Infrastructure\Infrastructure.csproj", "{FADBBE3D-F4DD-4530-BA6F-5A4B32F0FFBE}"
EndProject
Project("{2150E333-8FDC-42A3-9474-1A3956D46DE8}") = "Web", "Web", "{03997797-E7F5-0643-168D-B8EA7178C2FE}"
EndProject
Project("{2150E333-8FDC-42A3-9474-1A3956D46DE8}") = "Api", "Api", "{1EB39027-9932-93F8-0557-B13AD29AB24D}"
EndProject
Project("{FAE04EC0-301F-11D3-BF4B-00C04F79EFBC}") = "Shared", "src\Web\Api\Shared\Shared.csproj", "{2DF807BB-5C7B-47E5-A381-3E4172EABF74}"
EndProject
Project("{FAE04EC0-301F-11D3-BF4B-00C04F79EFBC}") = "PublicAPI", "src\Web\Api\PublicAPI\PublicAPI.csproj", "{418357F0-4F86-41B1-847D-EFBC37917E15}"
EndProject
Project("{FAE04EC0-301F-11D3-BF4B-00C04F79EFBC}") = "IdentityAPI", "src\Web\Api\IdentityAPI\IdentityAPI.csproj", "{DCC6D2F2-0E8D-4281-BED0-1BAED0DB0526}"
EndProject
Global
	GlobalSection(SolutionConfigurationPlatforms) = preSolution
		Debug|Any CPU = Debug|Any CPU
		Debug|x64 = Debug|x64
		Debug|x86 = Debug|x86
		Release|Any CPU = Release|Any CPU
		Release|x64 = Release|x64
		Release|x86 = Release|x86
	EndGlobalSection
	GlobalSection(ProjectConfigurationPlatforms) = postSolution
		{26B1995C-DB21-4734-B706-7889F0114A21}.Debug|Any CPU.ActiveCfg = Debug|Any CPU
		{26B1995C-DB21-4734-B706-7889F0114A21}.Debug|Any CPU.Build.0 = Debug|Any CPU
		{26B1995C-DB21-4734-B706-7889F0114A21}.Debug|x64.ActiveCfg = Debug|Any CPU
		{26B1995C-DB21-4734-B706-7889F0114A21}.Debug|x64.Build.0 = Debug|Any CPU
		{26B1995C-DB21-4734-B706-7889F0114A21}.Debug|x86.ActiveCfg = Debug|Any CPU
		{26B1995C-DB21-4734-B706-7889F0114A21}.Debug|x86.Build.0 = Debug|Any CPU
		{26B1995C-DB21-4734-B706-7889F0114A21}.Release|Any CPU.ActiveCfg = Release|Any CPU
		{26B1995C-DB21-4734-B706-7889F0114A21}.Release|Any CPU.Build.0 = Release|Any CPU
		{26B1995C-DB21-4734-B706-7889F0114A21}.Release|x64.ActiveCfg = Release|Any CPU
		{26B1995C-DB21-4734-B706-7889F0114A21}.Release|x64.Build.0 = Release|Any CPU
		{26B1995C-DB21-4734-B706-7889F0114A21}.Release|x86.ActiveCfg = Release|Any CPU
		{26B1995C-DB21-4734-B706-7889F0114A21}.Release|x86.Build.0 = Release|Any CPU
		{3379D95F-72C5-4A58-8A45-103F0A471ABD}.Debug|Any CPU.ActiveCfg = Debug|Any CPU
		{3379D95F-72C5-4A58-8A45-103F0A471ABD}.Debug|Any CPU.Build.0 = Debug|Any CPU
		{3379D95F-72C5-4A58-8A45-103F0A471ABD}.Debug|x64.ActiveCfg = Debug|Any CPU
		{3379D95F-72C5-4A58-8A45-103F0A471ABD}.Debug|x64.Build.0 = Debug|Any CPU
		{3379D95F-72C5-4A58-8A45-103F0A471ABD}.Debug|x86.ActiveCfg = Debug|Any CPU
		{3379D95F-72C5-4A58-8A45-103F0A471ABD}.Debug|x86.Build.0 = Debug|Any CPU
		{3379D95F-72C5-4A58-8A45-103F0A471ABD}.Release|Any CPU.ActiveCfg = Release|Any CPU
		{3379D95F-72C5-4A58-8A45-103F0A471ABD}.Release|Any CPU.Build.0 = Release|Any CPU
		{3379D95F-72C5-4A58-8A45-103F0A471ABD}.Release|x64.ActiveCfg = Release|Any CPU
		{3379D95F-72C5-4A58-8A45-103F0A471ABD}.Release|x64.Build.0 = Release|Any CPU
		{3379D95F-72C5-4A58-8A45-103F0A471ABD}.Release|x86.ActiveCfg = Release|Any CPU
		{3379D95F-72C5-4A58-8A45-103F0A471ABD}.Release|x86.Build.0 = Release|Any CPU
		{FADBBE3D-F4DD-4530-BA6F-5A4B32F0FFBE}.Debug|Any CPU.ActiveCfg = Debug|Any CPU
		{FADBBE3D-F4DD-4530-BA6F-5A4B32F0FFBE}.Debug|Any CPU.Build.0 = Debug|Any CPU
		{FADBBE3D-F4DD-4530-BA6F-5A4B32F0FFBE}.Debug|x64.ActiveCfg = Debug|Any CPU
		{FADBBE3D-F4DD-4530-BA6F-5A4B32F0FFBE}.Debug|x64.Build.0 = Debug|Any CPU
		{FADBBE3D-F4DD-4530-BA6F-5A4B32F0FFBE}.Debug|x86.ActiveCfg = Debug|Any CPU
		{FADBBE3D-F4DD-4530-BA6F-5A4B32F0FFBE}.Debug|x86.Build.0 = Debug|Any CPU
		{FADBBE3D-F4DD-4530-BA6F-5A4B32F0FFBE}.Release|Any CPU.ActiveCfg = Release|Any CPU
		{FADBBE3D-F4DD-4530-BA6F-5A4B32F0FFBE}.Release|Any CPU.Build.0 = Release|Any CPU
		{FADBBE3D-F4DD-4530-BA6F-5A4B32F0FFBE}.Release|x64.ActiveCfg = Release|Any CPU
		{FADBBE3D-F4DD-4530-BA6F-5A4B32F0FFBE}.Release|x64.Build.0 = Release|Any CPU
		{FADBBE3D-F4DD-4530-BA6F-5A4B32F0FFBE}.Release|x86.ActiveCfg = Release|Any CPU
		{FADBBE3D-F4DD-4530-BA6F-5A4B32F0FFBE}.Release|x86.Build.0 = Release|Any CPU
		{2DF807BB-5C7B-47E5-A381-3E4172EABF74}.Debug|Any CPU.ActiveCfg = Debug|Any CPU
		{2DF807BB-5C7B-47E5-A381-3E4172EABF74}.Debug|Any CPU.Build.0 = Debug|Any CPU
		{2DF807BB-5C7B-47E5-A381-3E4172EABF74}.Debug|x64.ActiveCfg = Debug|Any CPU
		{2DF807BB-5C7B-47E5-A381-3E4172EABF74}.Debug|x64.Build.0 = Debug|Any CPU
		{2DF807BB-5C7B-47E5-A381-3E4172EABF74}.Debug|x86.ActiveCfg = Debug|Any CPU
		{2DF807BB-5C7B-47E5-A381-3E4172EABF74}.Debug|x86.Build.0 = Debug|Any CPU
		{2DF807BB-5C7B-47E5-A381-3E4172EABF74}.Release|Any CPU.ActiveCfg = Release|Any CPU
		{2DF807BB-5C7B-47E5-A381-3E4172EABF74}.Release|Any CPU.Build.0 = Release|Any CPU
		{2DF807BB-5C7B-47E5-A381-3E4172EABF74}.Release|x64.ActiveCfg = Release|Any CPU
		{2DF807BB-5C7B-47E5-A381-3E4172EABF74}.Release|x64.Build.0 = Release|Any CPU
		{2DF807BB-5C7B-47E5-A381-3E4172EABF74}.Release|x86.ActiveCfg = Release|Any CPU
		{2DF807BB-5C7B-47E5-A381-3E4172EABF74}.Release|x86.Build.0 = Release|Any CPU
		{418357F0-4F86-41B1-847D-EFBC37917E15}.Debug|Any CPU.ActiveCfg = Debug|Any CPU
		{418357F0-4F86-41B1-847D-EFBC37917E15}.Debug|Any CPU.Build.0 = Debug|Any CPU
		{418357F0-4F86-41B1-847D-EFBC37917E15}.Debug|x64.ActiveCfg = Debug|Any CPU
		{418357F0-4F86-41B1-847D-EFBC37917E15}.Debug|x64.Build.0 = Debug|Any CPU
		{418357F0-4F86-41B1-847D-EFBC37917E15}.Debug|x86.ActiveCfg = Debug|Any CPU
		{418357F0-4F86-41B1-847D-EFBC37917E15}.Debug|x86.Build.0 = Debug|Any CPU
		{418357F0-4F86-41B1-847D-EFBC37917E15}.Release|Any CPU.ActiveCfg = Release|Any CPU
		{418357F0-4F86-41B1-847D-EFBC37917E15}.Release|Any CPU.Build.0 = Release|Any CPU
		{418357F0-4F86-41B1-847D-EFBC37917E15}.Release|x64.ActiveCfg = Release|Any CPU
		{418357F0-4F86-41B1-847D-EFBC37917E15}.Release|x64.Build.0 = Release|Any CPU
		{418357F0-4F86-41B1-847D-EFBC37917E15}.Release|x86.ActiveCfg = Release|Any CPU
		{418357F0-4F86-41B1-847D-EFBC37917E15}.Release|x86.Build.0 = Release|Any CPU
		{DCC6D2F2-0E8D-4281-BED0-1BAED0DB0526}.Debug|Any CPU.ActiveCfg = Debug|Any CPU
		{DCC6D2F2-0E8D-4281-BED0-1BAED0DB0526}.Debug|Any CPU.Build.0 = Debug|Any CPU
		{DCC6D2F2-0E8D-4281-BED0-1BAED0DB0526}.Debug|x64.ActiveCfg = Debug|Any CPU
		{DCC6D2F2-0E8D-4281-BED0-1BAED0DB0526}.Debug|x64.Build.0 = Debug|Any CPU
		{DCC6D2F2-0E8D-4281-BED0-1BAED0DB0526}.Debug|x86.ActiveCfg = Debug|Any CPU
		{DCC6D2F2-0E8D-4281-BED0-1BAED0DB0526}.Debug|x86.Build.0 = Debug|Any CPU
		{DCC6D2F2-0E8D-4281-BED0-1BAED0DB0526}.Release|Any CPU.ActiveCfg = Release|Any CPU
		{DCC6D2F2-0E8D-4281-BED0-1BAED0DB0526}.Release|Any CPU.Build.0 = Release|Any CPU
		{DCC6D2F2-0E8D-4281-BED0-1BAED0DB0526}.Release|x64.ActiveCfg = Release|Any CPU
		{DCC6D2F2-0E8D-4281-BED0-1BAED0DB0526}.Release|x64.Build.0 = Release|Any CPU
		{DCC6D2F2-0E8D-4281-BED0-1BAED0DB0526}.Release|x86.ActiveCfg = Release|Any CPU
		{DCC6D2F2-0E8D-4281-BED0-1BAED0DB0526}.Release|x86.Build.0 = Release|Any CPU
	EndGlobalSection
	GlobalSection(SolutionProperties) = preSolution
		HideSolutionNode = FALSE
	EndGlobalSection
	GlobalSection(NestedProjects) = preSolution
		{26B1995C-DB21-4734-B706-7889F0114A21} = {827E0CD3-B72D-47B6-A68D-7590B98EB39B}
		{3379D95F-72C5-4A58-8A45-103F0A471ABD} = {827E0CD3-B72D-47B6-A68D-7590B98EB39B}
		{FADBBE3D-F4DD-4530-BA6F-5A4B32F0FFBE} = {827E0CD3-B72D-47B6-A68D-7590B98EB39B}
		{03997797-E7F5-0643-168D-B8EA7178C2FE} = {827E0CD3-B72D-47B6-A68D-7590B98EB39B}
		{1EB39027-9932-93F8-0557-B13AD29AB24D} = {03997797-E7F5-0643-168D-B8EA7178C2FE}
		{2DF807BB-5C7B-47E5-A381-3E4172EABF74} = {1EB39027-9932-93F8-0557-B13AD29AB24D}
		{418357F0-4F86-41B1-847D-EFBC37917E15} = {1EB39027-9932-93F8-0557-B13AD29AB24D}
		{DCC6D2F2-0E8D-4281-BED0-1BAED0DB0526} = {1EB39027-9932-93F8-0557-B13AD29AB24D}
	EndGlobalSection
EndGlobal
