
Microsoft Visual Studio Solution File, Format Version 12.00
# Visual Studio Version 17
VisualStudioVersion = 17.0.31903.59
MinimumVisualStudioVersion = 10.0.40219.1
Project("{2150E333-8FDC-42A3-9474-1A3956D46DE8}") = "src", "src", "{827E0CD3-B72D-47B6-A68D-7590B98EB39B}"
EndProject
Project("{FAE04EC0-301F-11D3-BF4B-00C04F79EFBC}") = "Application", "src\Application\Application.csproj", "{26B1995C-DB21-4734-B706-7889F0114A21}"
EndProject
Project("{FAE04EC0-301F-11D3-BF4B-00C04F79EFBC}") = "Core", "src\Core\Core.csproj", "{3379D95F-72C5-4A58-8A45-103F0A471ABD}"
EndProject
Project("{FAE04EC0-301F-11D3-BF4B-00C04F79EFBC}") = "Infrastructure", "src\Infrastructure\Infrastructure.csproj", "{FADBBE3D-F4DD-4530-BA6F-5A4B32F0FFBE}"
EndProject
Project("{FAE04EC0-301F-11D3-BF4B-00C04F79EFBC}") = "PublicAPI", "src\PublicAPI\PublicAPI.csproj", "{69A119D9-4528-4730-9F8E-10C7D676AD4E}"
EndProject
Project("{2150E333-8FDC-42A3-9474-1A3956D46DE8}") = "tests", "tests", "{0AB3BF05-4346-4AA6-1389-037BE0695223}"
EndProject
Project("{FAE04EC0-301F-11D3-BF4B-00C04F79EFBC}") = "Domain.UnitTest", "tests\Domain.UnitTest\Domain.UnitTest.csproj", "{18A4CF23-4CF1-431C-96B3-5F79D50623AC}"
EndProject
Project("{FAE04EC0-301F-11D3-BF4B-00C04F79EFBC}") = "Applicaiton.UnitTest", "tests\Applicaiton.UnitTest\Applicaiton.UnitTest.csproj", "{C6CCC8E4-CDCB-4AB6-A6F0-D825D1FD0705}"
EndProject
Project("{FAE04EC0-301F-11D3-BF4B-00C04F79EFBC}") = "Infrastructure.UnitTest", "tests\Infrastructure.UnitTest\Infrastructure.UnitTest.csproj", "{4FEDC0D9-52E6-412C-BA03-0CE1DAD254D1}"
EndProject
Project("{FAE04EC0-301F-11D3-BF4B-00C04F79EFBC}") = "WebApi.UnitTest", "tests\WebApi.UnitTest\WebApi.UnitTest.csproj", "{7033F8C7-93B6-4E23-A065-7760D8FD5A87}"
EndProject
Global
	GlobalSection(SolutionConfigurationPlatforms) = preSolution
		Debug|Any CPU = Debug|Any CPU
		Debug|x64 = Debug|x64
		Debug|x86 = Debug|x86
		Release|Any CPU = Release|Any CPU
		Release|x64 = Release|x64
		Release|x86 = Release|x86
	EndGlobalSection
	GlobalSection(ProjectConfigurationPlatforms) = postSolution
		{26B1995C-DB21-4734-B706-7889F0114A21}.Debug|Any CPU.ActiveCfg = Debug|Any CPU
		{26B1995C-DB21-4734-B706-7889F0114A21}.Debug|Any CPU.Build.0 = Debug|Any CPU
		{26B1995C-DB21-4734-B706-7889F0114A21}.Debug|x64.ActiveCfg = Debug|Any CPU
		{26B1995C-DB21-4734-B706-7889F0114A21}.Debug|x64.Build.0 = Debug|Any CPU
		{26B1995C-DB21-4734-B706-7889F0114A21}.Debug|x86.ActiveCfg = Debug|Any CPU
		{26B1995C-DB21-4734-B706-7889F0114A21}.Debug|x86.Build.0 = Debug|Any CPU
		{26B1995C-DB21-4734-B706-7889F0114A21}.Release|Any CPU.ActiveCfg = Release|Any CPU
		{26B1995C-DB21-4734-B706-7889F0114A21}.Release|Any CPU.Build.0 = Release|Any CPU
		{26B1995C-DB21-4734-B706-7889F0114A21}.Release|x64.ActiveCfg = Release|Any CPU
		{26B1995C-DB21-4734-B706-7889F0114A21}.Release|x64.Build.0 = Release|Any CPU
		{26B1995C-DB21-4734-B706-7889F0114A21}.Release|x86.ActiveCfg = Release|Any CPU
		{26B1995C-DB21-4734-B706-7889F0114A21}.Release|x86.Build.0 = Release|Any CPU
		{3379D95F-72C5-4A58-8A45-103F0A471ABD}.Debug|Any CPU.ActiveCfg = Debug|Any CPU
		{3379D95F-72C5-4A58-8A45-103F0A471ABD}.Debug|Any CPU.Build.0 = Debug|Any CPU
		{3379D95F-72C5-4A58-8A45-103F0A471ABD}.Debug|x64.ActiveCfg = Debug|Any CPU
		{3379D95F-72C5-4A58-8A45-103F0A471ABD}.Debug|x64.Build.0 = Debug|Any CPU
		{3379D95F-72C5-4A58-8A45-103F0A471ABD}.Debug|x86.ActiveCfg = Debug|Any CPU
		{3379D95F-72C5-4A58-8A45-103F0A471ABD}.Debug|x86.Build.0 = Debug|Any CPU
		{3379D95F-72C5-4A58-8A45-103F0A471ABD}.Release|Any CPU.ActiveCfg = Release|Any CPU
		{3379D95F-72C5-4A58-8A45-103F0A471ABD}.Release|Any CPU.Build.0 = Release|Any CPU
		{3379D95F-72C5-4A58-8A45-103F0A471ABD}.Release|x64.ActiveCfg = Release|Any CPU
		{3379D95F-72C5-4A58-8A45-103F0A471ABD}.Release|x64.Build.0 = Release|Any CPU
		{3379D95F-72C5-4A58-8A45-103F0A471ABD}.Release|x86.ActiveCfg = Release|Any CPU
		{3379D95F-72C5-4A58-8A45-103F0A471ABD}.Release|x86.Build.0 = Release|Any CPU
		{FADBBE3D-F4DD-4530-BA6F-5A4B32F0FFBE}.Debug|Any CPU.ActiveCfg = Debug|Any CPU
		{FADBBE3D-F4DD-4530-BA6F-5A4B32F0FFBE}.Debug|Any CPU.Build.0 = Debug|Any CPU
		{FADBBE3D-F4DD-4530-BA6F-5A4B32F0FFBE}.Debug|x64.ActiveCfg = Debug|Any CPU
		{FADBBE3D-F4DD-4530-BA6F-5A4B32F0FFBE}.Debug|x64.Build.0 = Debug|Any CPU
		{FADBBE3D-F4DD-4530-BA6F-5A4B32F0FFBE}.Debug|x86.ActiveCfg = Debug|Any CPU
		{FADBBE3D-F4DD-4530-BA6F-5A4B32F0FFBE}.Debug|x86.Build.0 = Debug|Any CPU
		{FADBBE3D-F4DD-4530-BA6F-5A4B32F0FFBE}.Release|Any CPU.ActiveCfg = Release|Any CPU
		{FADBBE3D-F4DD-4530-BA6F-5A4B32F0FFBE}.Release|Any CPU.Build.0 = Release|Any CPU
		{FADBBE3D-F4DD-4530-BA6F-5A4B32F0FFBE}.Release|x64.ActiveCfg = Release|Any CPU
		{FADBBE3D-F4DD-4530-BA6F-5A4B32F0FFBE}.Release|x64.Build.0 = Release|Any CPU
		{FADBBE3D-F4DD-4530-BA6F-5A4B32F0FFBE}.Release|x86.ActiveCfg = Release|Any CPU
		{FADBBE3D-F4DD-4530-BA6F-5A4B32F0FFBE}.Release|x86.Build.0 = Release|Any CPU
		{69A119D9-4528-4730-9F8E-10C7D676AD4E}.Debug|Any CPU.ActiveCfg = Debug|Any CPU
		{69A119D9-4528-4730-9F8E-10C7D676AD4E}.Debug|Any CPU.Build.0 = Debug|Any CPU
		{69A119D9-4528-4730-9F8E-10C7D676AD4E}.Debug|x64.ActiveCfg = Debug|Any CPU
		{69A119D9-4528-4730-9F8E-10C7D676AD4E}.Debug|x64.Build.0 = Debug|Any CPU
		{69A119D9-4528-4730-9F8E-10C7D676AD4E}.Debug|x86.ActiveCfg = Debug|Any CPU
		{69A119D9-4528-4730-9F8E-10C7D676AD4E}.Debug|x86.Build.0 = Debug|Any CPU
		{69A119D9-4528-4730-9F8E-10C7D676AD4E}.Release|Any CPU.ActiveCfg = Release|Any CPU
		{69A119D9-4528-4730-9F8E-10C7D676AD4E}.Release|Any CPU.Build.0 = Release|Any CPU
		{69A119D9-4528-4730-9F8E-10C7D676AD4E}.Release|x64.ActiveCfg = Release|Any CPU
		{69A119D9-4528-4730-9F8E-10C7D676AD4E}.Release|x64.Build.0 = Release|Any CPU
		{69A119D9-4528-4730-9F8E-10C7D676AD4E}.Release|x86.ActiveCfg = Release|Any CPU
		{69A119D9-4528-4730-9F8E-10C7D676AD4E}.Release|x86.Build.0 = Release|Any CPU
		{18A4CF23-4CF1-431C-96B3-5F79D50623AC}.Debug|Any CPU.ActiveCfg = Debug|Any CPU
		{18A4CF23-4CF1-431C-96B3-5F79D50623AC}.Debug|Any CPU.Build.0 = Debug|Any CPU
		{18A4CF23-4CF1-431C-96B3-5F79D50623AC}.Debug|x64.ActiveCfg = Debug|Any CPU
		{18A4CF23-4CF1-431C-96B3-5F79D50623AC}.Debug|x64.Build.0 = Debug|Any CPU
		{18A4CF23-4CF1-431C-96B3-5F79D50623AC}.Debug|x86.ActiveCfg = Debug|Any CPU
		{18A4CF23-4CF1-431C-96B3-5F79D50623AC}.Debug|x86.Build.0 = Debug|Any CPU
		{18A4CF23-4CF1-431C-96B3-5F79D50623AC}.Release|Any CPU.ActiveCfg = Release|Any CPU
		{18A4CF23-4CF1-431C-96B3-5F79D50623AC}.Release|Any CPU.Build.0 = Release|Any CPU
		{18A4CF23-4CF1-431C-96B3-5F79D50623AC}.Release|x64.ActiveCfg = Release|Any CPU
		{18A4CF23-4CF1-431C-96B3-5F79D50623AC}.Release|x64.Build.0 = Release|Any CPU
		{18A4CF23-4CF1-431C-96B3-5F79D50623AC}.Release|x86.ActiveCfg = Release|Any CPU
		{18A4CF23-4CF1-431C-96B3-5F79D50623AC}.Release|x86.Build.0 = Release|Any CPU
		{C6CCC8E4-CDCB-4AB6-A6F0-D825D1FD0705}.Debug|Any CPU.ActiveCfg = Debug|Any CPU
		{C6CCC8E4-CDCB-4AB6-A6F0-D825D1FD0705}.Debug|Any CPU.Build.0 = Debug|Any CPU
		{C6CCC8E4-CDCB-4AB6-A6F0-D825D1FD0705}.Debug|x64.ActiveCfg = Debug|Any CPU
		{C6CCC8E4-CDCB-4AB6-A6F0-D825D1FD0705}.Debug|x64.Build.0 = Debug|Any CPU
		{C6CCC8E4-CDCB-4AB6-A6F0-D825D1FD0705}.Debug|x86.ActiveCfg = Debug|Any CPU
		{C6CCC8E4-CDCB-4AB6-A6F0-D825D1FD0705}.Debug|x86.Build.0 = Debug|Any CPU
		{C6CCC8E4-CDCB-4AB6-A6F0-D825D1FD0705}.Release|Any CPU.ActiveCfg = Release|Any CPU
		{C6CCC8E4-CDCB-4AB6-A6F0-D825D1FD0705}.Release|Any CPU.Build.0 = Release|Any CPU
		{C6CCC8E4-CDCB-4AB6-A6F0-D825D1FD0705}.Release|x64.ActiveCfg = Release|Any CPU
		{C6CCC8E4-CDCB-4AB6-A6F0-D825D1FD0705}.Release|x64.Build.0 = Release|Any CPU
		{C6CCC8E4-CDCB-4AB6-A6F0-D825D1FD0705}.Release|x86.ActiveCfg = Release|Any CPU
		{C6CCC8E4-CDCB-4AB6-A6F0-D825D1FD0705}.Release|x86.Build.0 = Release|Any CPU
		{4FEDC0D9-52E6-412C-BA03-0CE1DAD254D1}.Debug|Any CPU.ActiveCfg = Debug|Any CPU
		{4FEDC0D9-52E6-412C-BA03-0CE1DAD254D1}.Debug|Any CPU.Build.0 = Debug|Any CPU
		{4FEDC0D9-52E6-412C-BA03-0CE1DAD254D1}.Debug|x64.ActiveCfg = Debug|Any CPU
		{4FEDC0D9-52E6-412C-BA03-0CE1DAD254D1}.Debug|x64.Build.0 = Debug|Any CPU
		{4FEDC0D9-52E6-412C-BA03-0CE1DAD254D1}.Debug|x86.ActiveCfg = Debug|Any CPU
		{4FEDC0D9-52E6-412C-BA03-0CE1DAD254D1}.Debug|x86.Build.0 = Debug|Any CPU
		{4FEDC0D9-52E6-412C-BA03-0CE1DAD254D1}.Release|Any CPU.ActiveCfg = Release|Any CPU
		{4FEDC0D9-52E6-412C-BA03-0CE1DAD254D1}.Release|Any CPU.Build.0 = Release|Any CPU
		{4FEDC0D9-52E6-412C-BA03-0CE1DAD254D1}.Release|x64.ActiveCfg = Release|Any CPU
		{4FEDC0D9-52E6-412C-BA03-0CE1DAD254D1}.Release|x64.Build.0 = Release|Any CPU
		{4FEDC0D9-52E6-412C-BA03-0CE1DAD254D1}.Release|x86.ActiveCfg = Release|Any CPU
		{4FEDC0D9-52E6-412C-BA03-0CE1DAD254D1}.Release|x86.Build.0 = Release|Any CPU
		{7033F8C7-93B6-4E23-A065-7760D8FD5A87}.Debug|Any CPU.ActiveCfg = Debug|Any CPU
		{7033F8C7-93B6-4E23-A065-7760D8FD5A87}.Debug|Any CPU.Build.0 = Debug|Any CPU
		{7033F8C7-93B6-4E23-A065-7760D8FD5A87}.Debug|x64.ActiveCfg = Debug|Any CPU
		{7033F8C7-93B6-4E23-A065-7760D8FD5A87}.Debug|x64.Build.0 = Debug|Any CPU
		{7033F8C7-93B6-4E23-A065-7760D8FD5A87}.Debug|x86.ActiveCfg = Debug|Any CPU
		{7033F8C7-93B6-4E23-A065-7760D8FD5A87}.Debug|x86.Build.0 = Debug|Any CPU
		{7033F8C7-93B6-4E23-A065-7760D8FD5A87}.Release|Any CPU.ActiveCfg = Release|Any CPU
		{7033F8C7-93B6-4E23-A065-7760D8FD5A87}.Release|Any CPU.Build.0 = Release|Any CPU
		{7033F8C7-93B6-4E23-A065-7760D8FD5A87}.Release|x64.ActiveCfg = Release|Any CPU
		{7033F8C7-93B6-4E23-A065-7760D8FD5A87}.Release|x64.Build.0 = Release|Any CPU
		{7033F8C7-93B6-4E23-A065-7760D8FD5A87}.Release|x86.ActiveCfg = Release|Any CPU
		{7033F8C7-93B6-4E23-A065-7760D8FD5A87}.Release|x86.Build.0 = Release|Any CPU
	EndGlobalSection
	GlobalSection(SolutionProperties) = preSolution
		HideSolutionNode = FALSE
	EndGlobalSection
	GlobalSection(NestedProjects) = preSolution
		{26B1995C-DB21-4734-B706-7889F0114A21} = {827E0CD3-B72D-47B6-A68D-7590B98EB39B}
		{3379D95F-72C5-4A58-8A45-103F0A471ABD} = {827E0CD3-B72D-47B6-A68D-7590B98EB39B}
		{FADBBE3D-F4DD-4530-BA6F-5A4B32F0FFBE} = {827E0CD3-B72D-47B6-A68D-7590B98EB39B}
		{69A119D9-4528-4730-9F8E-10C7D676AD4E} = {827E0CD3-B72D-47B6-A68D-7590B98EB39B}
		{18A4CF23-4CF1-431C-96B3-5F79D50623AC} = {0AB3BF05-4346-4AA6-1389-037BE0695223}
		{C6CCC8E4-CDCB-4AB6-A6F0-D825D1FD0705} = {0AB3BF05-4346-4AA6-1389-037BE0695223}
		{4FEDC0D9-52E6-412C-BA03-0CE1DAD254D1} = {0AB3BF05-4346-4AA6-1389-037BE0695223}
		{7033F8C7-93B6-4E23-A065-7760D8FD5A87} = {0AB3BF05-4346-4AA6-1389-037BE0695223}
	EndGlobalSection
EndGlobal
