
Microsoft Visual Studio Solution File, Format Version 12.00
# Visual Studio Version 17
VisualStudioVersion = 17.0.31903.59
MinimumVisualStudioVersion = 10.0.40219.1
Project("{2150E333-8FDC-42A3-9474-1A3956D46DE8}") = "src", "src", "{827E0CD3-B72D-47B6-A68D-7590B98EB39B}"
EndProject
Project("{FAE04EC0-301F-11D3-BF4B-00C04F79EFBC}") = "Application", "src\Application\Application.csproj", "{26B1995C-DB21-4734-B706-7889F0114A21}"
EndProject
Project("{FAE04EC0-301F-11D3-BF4B-00C04F79EFBC}") = "Core", "src\Core\Core.csproj", "{3379D95F-72C5-4A58-8A45-103F0A471ABD}"
EndProject
Project("{FAE04EC0-301F-11D3-BF4B-00C04F79EFBC}") = "Infrastructure", "src\Infrastructure\Infrastructure.csproj", "{FADBBE3D-F4DD-4530-BA6F-5A4B32F0FFBE}"
EndProject
Project("{FAE04EC0-301F-11D3-BF4B-00C04F79EFBC}") = "Shared", "src\Shared\Shared.csproj", "{A51AB495-A844-4707-A085-E44612B8B5A5}"
EndProject
Project("{FAE04EC0-301F-11D3-BF4B-00C04F79EFBC}") = "PublicAPI", "src\PublicAPI\PublicAPI.csproj", "{69A119D9-4528-4730-9F8E-10C7D676AD4E}"
EndProject
Project("{FAE04EC0-301F-11D3-BF4B-00C04F79EFBC}") = "IdentityAPI", "src\IdentityAPI\IdentityAPI.csproj", "{20F4510E-DFA9-492C-9B0B-6B62F2725AE7}"
EndProject
Global
	GlobalSection(SolutionConfigurationPlatforms) = preSolution
		Debug|Any CPU = Debug|Any CPU
		Debug|x64 = Debug|x64
		Debug|x86 = Debug|x86
		Release|Any CPU = Release|Any CPU
		Release|x64 = Release|x64
		Release|x86 = Release|x86
	EndGlobalSection
	GlobalSection(ProjectConfigurationPlatforms) = postSolution
		{26B1995C-DB21-4734-B706-7889F0114A21}.Debug|Any CPU.ActiveCfg = Debug|Any CPU
		{26B1995C-DB21-4734-B706-7889F0114A21}.Debug|Any CPU.Build.0 = Debug|Any CPU
		{26B1995C-DB21-4734-B706-7889F0114A21}.Debug|x64.ActiveCfg = Debug|Any CPU
		{26B1995C-DB21-4734-B706-7889F0114A21}.Debug|x64.Build.0 = Debug|Any CPU
		{26B1995C-DB21-4734-B706-7889F0114A21}.Debug|x86.ActiveCfg = Debug|Any CPU
		{26B1995C-DB21-4734-B706-7889F0114A21}.Debug|x86.Build.0 = Debug|Any CPU
		{26B1995C-DB21-4734-B706-7889F0114A21}.Release|Any CPU.ActiveCfg = Release|Any CPU
		{26B1995C-DB21-4734-B706-7889F0114A21}.Release|Any CPU.Build.0 = Release|Any CPU
		{26B1995C-DB21-4734-B706-7889F0114A21}.Release|x64.ActiveCfg = Release|Any CPU
		{26B1995C-DB21-4734-B706-7889F0114A21}.Release|x64.Build.0 = Release|Any CPU
		{26B1995C-DB21-4734-B706-7889F0114A21}.Release|x86.ActiveCfg = Release|Any CPU
		{26B1995C-DB21-4734-B706-7889F0114A21}.Release|x86.Build.0 = Release|Any CPU
		{3379D95F-72C5-4A58-8A45-103F0A471ABD}.Debug|Any CPU.ActiveCfg = Debug|Any CPU
		{3379D95F-72C5-4A58-8A45-103F0A471ABD}.Debug|Any CPU.Build.0 = Debug|Any CPU
		{3379D95F-72C5-4A58-8A45-103F0A471ABD}.Debug|x64.ActiveCfg = Debug|Any CPU
		{3379D95F-72C5-4A58-8A45-103F0A471ABD}.Debug|x64.Build.0 = Debug|Any CPU
		{3379D95F-72C5-4A58-8A45-103F0A471ABD}.Debug|x86.ActiveCfg = Debug|Any CPU
		{3379D95F-72C5-4A58-8A45-103F0A471ABD}.Debug|x86.Build.0 = Debug|Any CPU
		{3379D95F-72C5-4A58-8A45-103F0A471ABD}.Release|Any CPU.ActiveCfg = Release|Any CPU
		{3379D95F-72C5-4A58-8A45-103F0A471ABD}.Release|Any CPU.Build.0 = Release|Any CPU
		{3379D95F-72C5-4A58-8A45-103F0A471ABD}.Release|x64.ActiveCfg = Release|Any CPU
		{3379D95F-72C5-4A58-8A45-103F0A471ABD}.Release|x64.Build.0 = Release|Any CPU
		{3379D95F-72C5-4A58-8A45-103F0A471ABD}.Release|x86.ActiveCfg = Release|Any CPU
		{3379D95F-72C5-4A58-8A45-103F0A471ABD}.Release|x86.Build.0 = Release|Any CPU
		{FADBBE3D-F4DD-4530-BA6F-5A4B32F0FFBE}.Debug|Any CPU.ActiveCfg = Debug|Any CPU
		{FADBBE3D-F4DD-4530-BA6F-5A4B32F0FFBE}.Debug|Any CPU.Build.0 = Debug|Any CPU
		{FADBBE3D-F4DD-4530-BA6F-5A4B32F0FFBE}.Debug|x64.ActiveCfg = Debug|Any CPU
		{FADBBE3D-F4DD-4530-BA6F-5A4B32F0FFBE}.Debug|x64.Build.0 = Debug|Any CPU
		{FADBBE3D-F4DD-4530-BA6F-5A4B32F0FFBE}.Debug|x86.ActiveCfg = Debug|Any CPU
		{FADBBE3D-F4DD-4530-BA6F-5A4B32F0FFBE}.Debug|x86.Build.0 = Debug|Any CPU
		{FADBBE3D-F4DD-4530-BA6F-5A4B32F0FFBE}.Release|Any CPU.ActiveCfg = Release|Any CPU
		{FADBBE3D-F4DD-4530-BA6F-5A4B32F0FFBE}.Release|Any CPU.Build.0 = Release|Any CPU
		{FADBBE3D-F4DD-4530-BA6F-5A4B32F0FFBE}.Release|x64.ActiveCfg = Release|Any CPU
		{FADBBE3D-F4DD-4530-BA6F-5A4B32F0FFBE}.Release|x64.Build.0 = Release|Any CPU
		{FADBBE3D-F4DD-4530-BA6F-5A4B32F0FFBE}.Release|x86.ActiveCfg = Release|Any CPU
		{FADBBE3D-F4DD-4530-BA6F-5A4B32F0FFBE}.Release|x86.Build.0 = Release|Any CPU
		{A51AB495-A844-4707-A085-E44612B8B5A5}.Debug|Any CPU.ActiveCfg = Debug|Any CPU
		{A51AB495-A844-4707-A085-E44612B8B5A5}.Debug|Any CPU.Build.0 = Debug|Any CPU
		{A51AB495-A844-4707-A085-E44612B8B5A5}.Debug|x64.ActiveCfg = Debug|Any CPU
		{A51AB495-A844-4707-A085-E44612B8B5A5}.Debug|x64.Build.0 = Debug|Any CPU
		{A51AB495-A844-4707-A085-E44612B8B5A5}.Debug|x86.ActiveCfg = Debug|Any CPU
		{A51AB495-A844-4707-A085-E44612B8B5A5}.Debug|x86.Build.0 = Debug|Any CPU
		{A51AB495-A844-4707-A085-E44612B8B5A5}.Release|Any CPU.ActiveCfg = Release|Any CPU
		{A51AB495-A844-4707-A085-E44612B8B5A5}.Release|Any CPU.Build.0 = Release|Any CPU
		{A51AB495-A844-4707-A085-E44612B8B5A5}.Release|x64.ActiveCfg = Release|Any CPU
		{A51AB495-A844-4707-A085-E44612B8B5A5}.Release|x64.Build.0 = Release|Any CPU
		{A51AB495-A844-4707-A085-E44612B8B5A5}.Release|x86.ActiveCfg = Release|Any CPU
		{A51AB495-A844-4707-A085-E44612B8B5A5}.Release|x86.Build.0 = Release|Any CPU
		{69A119D9-4528-4730-9F8E-10C7D676AD4E}.Debug|Any CPU.ActiveCfg = Debug|Any CPU
		{69A119D9-4528-4730-9F8E-10C7D676AD4E}.Debug|Any CPU.Build.0 = Debug|Any CPU
		{69A119D9-4528-4730-9F8E-10C7D676AD4E}.Debug|x64.ActiveCfg = Debug|Any CPU
		{69A119D9-4528-4730-9F8E-10C7D676AD4E}.Debug|x64.Build.0 = Debug|Any CPU
		{69A119D9-4528-4730-9F8E-10C7D676AD4E}.Debug|x86.ActiveCfg = Debug|Any CPU
		{69A119D9-4528-4730-9F8E-10C7D676AD4E}.Debug|x86.Build.0 = Debug|Any CPU
		{69A119D9-4528-4730-9F8E-10C7D676AD4E}.Release|Any CPU.ActiveCfg = Release|Any CPU
		{69A119D9-4528-4730-9F8E-10C7D676AD4E}.Release|Any CPU.Build.0 = Release|Any CPU
		{69A119D9-4528-4730-9F8E-10C7D676AD4E}.Release|x64.ActiveCfg = Release|Any CPU
		{69A119D9-4528-4730-9F8E-10C7D676AD4E}.Release|x64.Build.0 = Release|Any CPU
		{69A119D9-4528-4730-9F8E-10C7D676AD4E}.Release|x86.ActiveCfg = Release|Any CPU
		{69A119D9-4528-4730-9F8E-10C7D676AD4E}.Release|x86.Build.0 = Release|Any CPU
		{20F4510E-DFA9-492C-9B0B-6B62F2725AE7}.Debug|Any CPU.ActiveCfg = Debug|Any CPU
		{20F4510E-DFA9-492C-9B0B-6B62F2725AE7}.Debug|Any CPU.Build.0 = Debug|Any CPU
		{20F4510E-DFA9-492C-9B0B-6B62F2725AE7}.Debug|x64.ActiveCfg = Debug|Any CPU
		{20F4510E-DFA9-492C-9B0B-6B62F2725AE7}.Debug|x64.Build.0 = Debug|Any CPU
		{20F4510E-DFA9-492C-9B0B-6B62F2725AE7}.Debug|x86.ActiveCfg = Debug|Any CPU
		{20F4510E-DFA9-492C-9B0B-6B62F2725AE7}.Debug|x86.Build.0 = Debug|Any CPU
		{20F4510E-DFA9-492C-9B0B-6B62F2725AE7}.Release|Any CPU.ActiveCfg = Release|Any CPU
		{20F4510E-DFA9-492C-9B0B-6B62F2725AE7}.Release|Any CPU.Build.0 = Release|Any CPU
		{20F4510E-DFA9-492C-9B0B-6B62F2725AE7}.Release|x64.ActiveCfg = Release|Any CPU
		{20F4510E-DFA9-492C-9B0B-6B62F2725AE7}.Release|x64.Build.0 = Release|Any CPU
		{20F4510E-DFA9-492C-9B0B-6B62F2725AE7}.Release|x86.ActiveCfg = Release|Any CPU
		{20F4510E-DFA9-492C-9B0B-6B62F2725AE7}.Release|x86.Build.0 = Release|Any CPU
	EndGlobalSection
	GlobalSection(SolutionProperties) = preSolution
		HideSolutionNode = FALSE
	EndGlobalSection
	GlobalSection(NestedProjects) = preSolution
		{26B1995C-DB21-4734-B706-7889F0114A21} = {827E0CD3-B72D-47B6-A68D-7590B98EB39B}
		{3379D95F-72C5-4A58-8A45-103F0A471ABD} = {827E0CD3-B72D-47B6-A68D-7590B98EB39B}
		{FADBBE3D-F4DD-4530-BA6F-5A4B32F0FFBE} = {827E0CD3-B72D-47B6-A68D-7590B98EB39B}
		{A51AB495-A844-4707-A085-E44612B8B5A5} = {827E0CD3-B72D-47B6-A68D-7590B98EB39B}
		{69A119D9-4528-4730-9F8E-10C7D676AD4E} = {827E0CD3-B72D-47B6-A68D-7590B98EB39B}
		{20F4510E-DFA9-492C-9B0B-6B62F2725AE7} = {827E0CD3-B72D-47B6-A68D-7590B98EB39B}
	EndGlobalSection
EndGlobal
